
Microsoft Visual Studio Solution File, Format Version 12.00
# Visual Studio Version 17
VisualStudioVersion = 17.12.35527.113
MinimumVisualStudioVersion = 10.0.40219.1
Project("{FAE04EC0-301F-11D3-BF4B-00C04F79EFBC}") = "Ejercicios.Semana4", "Ejercicios.Semana4\Ejercicios.Semana4.csproj", "{72D8084B-A7AA-4254-ABDE-5AF66B466FDA}"
EndProject
Project("{2150E333-8FDC-42A3-9474-1A3956D46DE8}") = "Ejercicios.Semana5", "Ejercicios.Semana5", "{B1C980C0-938A-41F5-A563-6C7E662CF59B}"
EndProject
Project("{FAE04EC0-301F-11D3-BF4B-00C04F79EFBC}") = "SupermercadoSemana5", "Primero\SupermercadoSemana5.csproj", "{D30696B2-654E-44AB-87A5-39B62850AED3}"
EndProject
Project("{FAE04EC0-301F-11D3-BF4B-00C04F79EFBC}") = "Figuras.Semana5", "Figuras.Semana5\Figuras.Semana5.csproj", "{5B755A8B-C5C8-469F-8204-A18FDAE3600E}"
EndProject
Project("{FAE04EC0-301F-11D3-BF4B-00C04F79EFBC}") = "CuentaBancaria.Semana5", "CuentaBancaria.Semana5\CuentaBancaria.Semana5.csproj", "{DCD1763E-D2F4-4D38-9DAC-78BAA755DC47}"
EndProject
Project("{FAE04EC0-301F-11D3-BF4B-00C04F79EFBC}") = "EmpleadoSistemas.Semana5", "EmpleadoSistemas.Semana5\EmpleadoSistemas.Semana5.csproj", "{754ED014-6DC6-49A9-8A39-E345E03CDC59}"
EndProject
Project("{FAE04EC0-301F-11D3-BF4B-00C04F79EFBC}") = "Ambientes.Semana5", "Ambientes.Semana5\Ambientes.Semana5.csproj", "{41DAF504-A027-41A6-8E44-42FD37232B6C}"
EndProject
Project("{FAE04EC0-301F-11D3-BF4B-00C04F79EFBC}") = "Persona.Semana5", "Persona.Semana5\Persona.Semana5.csproj", "{8530B158-7AD3-4160-9164-0D452DD66DDD}"
EndProject
Project("{2150E333-8FDC-42A3-9474-1A3956D46DE8}") = "EJercicio.TipoExamen", "EJercicio.TipoExamen", "{2ADD12DF-CA02-43B0-8A4F-0405F49E94C0}"
EndProject
Project("{FAE04EC0-301F-11D3-BF4B-00C04F79EFBC}") = "Ejercicio.TipoExamen", "Ejercicio.TipoExamen\Ejercicio.TipoExamen.csproj", "{8CF68699-3284-4A60-914B-B8223DE447CD}"
EndProject
Project("{2150E333-8FDC-42A3-9474-1A3956D46DE8}") = "Seamana6.PreParcial", "Seamana6.PreParcial", "{FE7BAAA0-CF27-472E-9041-887F3B0E761D}"
EndProject
Project("{2150E333-8FDC-42A3-9474-1A3956D46DE8}") = "Ejercicios", "Ejercicios", "{3B1C6B99-E53E-4368-B98B-FD1F121E7D1E}"
EndProject
Project("{FAE04EC0-301F-11D3-BF4B-00C04F79EFBC}") = "Ejercicio1.Semana6", "Ejercicio1.Semana6\Ejercicio1.Semana6.csproj", "{4216D647-AA93-4997-A6D3-5D9AD01A4000}"
EndProject
Project("{FAE04EC0-301F-11D3-BF4B-00C04F79EFBC}") = "Ejercicio2.Semana6", "Ejercicio2.Semana6\Ejercicio2.Semana6.csproj", "{5BC3169B-35E4-4AA1-B9AD-A74A728CAC58}"
EndProject
Global
	GlobalSection(SolutionConfigurationPlatforms) = preSolution
		Debug|Any CPU = Debug|Any CPU
		Release|Any CPU = Release|Any CPU
	EndGlobalSection
	GlobalSection(ProjectConfigurationPlatforms) = postSolution
		{72D8084B-A7AA-4254-ABDE-5AF66B466FDA}.Debug|Any CPU.ActiveCfg = Debug|Any CPU
		{72D8084B-A7AA-4254-ABDE-5AF66B466FDA}.Debug|Any CPU.Build.0 = Debug|Any CPU
		{72D8084B-A7AA-4254-ABDE-5AF66B466FDA}.Release|Any CPU.ActiveCfg = Release|Any CPU
		{72D8084B-A7AA-4254-ABDE-5AF66B466FDA}.Release|Any CPU.Build.0 = Release|Any CPU
		{D30696B2-654E-44AB-87A5-39B62850AED3}.Debug|Any CPU.ActiveCfg = Debug|Any CPU
		{D30696B2-654E-44AB-87A5-39B62850AED3}.Debug|Any CPU.Build.0 = Debug|Any CPU
		{D30696B2-654E-44AB-87A5-39B62850AED3}.Release|Any CPU.ActiveCfg = Release|Any CPU
		{D30696B2-654E-44AB-87A5-39B62850AED3}.Release|Any CPU.Build.0 = Release|Any CPU
		{5B755A8B-C5C8-469F-8204-A18FDAE3600E}.Debug|Any CPU.ActiveCfg = Debug|Any CPU
		{5B755A8B-C5C8-469F-8204-A18FDAE3600E}.Debug|Any CPU.Build.0 = Debug|Any CPU
		{5B755A8B-C5C8-469F-8204-A18FDAE3600E}.Release|Any CPU.ActiveCfg = Release|Any CPU
		{5B755A8B-C5C8-469F-8204-A18FDAE3600E}.Release|Any CPU.Build.0 = Release|Any CPU
		{DCD1763E-D2F4-4D38-9DAC-78BAA755DC47}.Debug|Any CPU.ActiveCfg = Debug|Any CPU
		{DCD1763E-D2F4-4D38-9DAC-78BAA755DC47}.Debug|Any CPU.Build.0 = Debug|Any CPU
		{DCD1763E-D2F4-4D38-9DAC-78BAA755DC47}.Release|Any CPU.ActiveCfg = Release|Any CPU
		{DCD1763E-D2F4-4D38-9DAC-78BAA755DC47}.Release|Any CPU.Build.0 = Release|Any CPU
		{754ED014-6DC6-49A9-8A39-E345E03CDC59}.Debug|Any CPU.ActiveCfg = Debug|Any CPU
		{754ED014-6DC6-49A9-8A39-E345E03CDC59}.Debug|Any CPU.Build.0 = Debug|Any CPU
		{754ED014-6DC6-49A9-8A39-E345E03CDC59}.Release|Any CPU.ActiveCfg = Release|Any CPU
		{754ED014-6DC6-49A9-8A39-E345E03CDC59}.Release|Any CPU.Build.0 = Release|Any CPU
		{41DAF504-A027-41A6-8E44-42FD37232B6C}.Debug|Any CPU.ActiveCfg = Debug|Any CPU
		{41DAF504-A027-41A6-8E44-42FD37232B6C}.Debug|Any CPU.Build.0 = Debug|Any CPU
		{41DAF504-A027-41A6-8E44-42FD37232B6C}.Release|Any CPU.ActiveCfg = Release|Any CPU
		{41DAF504-A027-41A6-8E44-42FD37232B6C}.Release|Any CPU.Build.0 = Release|Any CPU
		{8530B158-7AD3-4160-9164-0D452DD66DDD}.Debug|Any CPU.ActiveCfg = Debug|Any CPU
		{8530B158-7AD3-4160-9164-0D452DD66DDD}.Debug|Any CPU.Build.0 = Debug|Any CPU
		{8530B158-7AD3-4160-9164-0D452DD66DDD}.Release|Any CPU.ActiveCfg = Release|Any CPU
		{8530B158-7AD3-4160-9164-0D452DD66DDD}.Release|Any CPU.Build.0 = Release|Any CPU
		{8CF68699-3284-4A60-914B-B8223DE447CD}.Debug|Any CPU.ActiveCfg = Debug|Any CPU
		{8CF68699-3284-4A60-914B-B8223DE447CD}.Debug|Any CPU.Build.0 = Debug|Any CPU
		{8CF68699-3284-4A60-914B-B8223DE447CD}.Release|Any CPU.ActiveCfg = Release|Any CPU
		{8CF68699-3284-4A60-914B-B8223DE447CD}.Release|Any CPU.Build.0 = Release|Any CPU
		{4216D647-AA93-4997-A6D3-5D9AD01A4000}.Debug|Any CPU.ActiveCfg = Debug|Any CPU
		{4216D647-AA93-4997-A6D3-5D9AD01A4000}.Debug|Any CPU.Build.0 = Debug|Any CPU
		{4216D647-AA93-4997-A6D3-5D9AD01A4000}.Release|Any CPU.ActiveCfg = Release|Any CPU
		{4216D647-AA93-4997-A6D3-5D9AD01A4000}.Release|Any CPU.Build.0 = Release|Any CPU
		{5BC3169B-35E4-4AA1-B9AD-A74A728CAC58}.Debug|Any CPU.ActiveCfg = Debug|Any CPU
		{5BC3169B-35E4-4AA1-B9AD-A74A728CAC58}.Debug|Any CPU.Build.0 = Debug|Any CPU
		{5BC3169B-35E4-4AA1-B9AD-A74A728CAC58}.Release|Any CPU.ActiveCfg = Release|Any CPU
		{5BC3169B-35E4-4AA1-B9AD-A74A728CAC58}.Release|Any CPU.Build.0 = Release|Any CPU
	EndGlobalSection
	GlobalSection(SolutionProperties) = preSolution
		HideSolutionNode = FALSE
	EndGlobalSection
	GlobalSection(NestedProjects) = preSolution
		{D30696B2-654E-44AB-87A5-39B62850AED3} = {B1C980C0-938A-41F5-A563-6C7E662CF59B}
		{5B755A8B-C5C8-469F-8204-A18FDAE3600E} = {B1C980C0-938A-41F5-A563-6C7E662CF59B}
		{DCD1763E-D2F4-4D38-9DAC-78BAA755DC47} = {B1C980C0-938A-41F5-A563-6C7E662CF59B}
		{754ED014-6DC6-49A9-8A39-E345E03CDC59} = {B1C980C0-938A-41F5-A563-6C7E662CF59B}
		{41DAF504-A027-41A6-8E44-42FD37232B6C} = {B1C980C0-938A-41F5-A563-6C7E662CF59B}
		{8530B158-7AD3-4160-9164-0D452DD66DDD} = {B1C980C0-938A-41F5-A563-6C7E662CF59B}
		{8CF68699-3284-4A60-914B-B8223DE447CD} = {2ADD12DF-CA02-43B0-8A4F-0405F49E94C0}
		{3B1C6B99-E53E-4368-B98B-FD1F121E7D1E} = {FE7BAAA0-CF27-472E-9041-887F3B0E761D}
		{4216D647-AA93-4997-A6D3-5D9AD01A4000} = {3B1C6B99-E53E-4368-B98B-FD1F121E7D1E}
		{5BC3169B-35E4-4AA1-B9AD-A74A728CAC58} = {3B1C6B99-E53E-4368-B98B-FD1F121E7D1E}
	EndGlobalSection
EndGlobal
